// !$*UTF8*$!
{
	archiveVersion = 1;
	classes = {
	};
	objectVersion = 56;
	objects = {

/* Begin PBXBuildFile section */
		867BE0BD2C05EC20002931C2 /* InterviewCheckerApp.swift in Sources */ = {isa = PBXBuildFile; fileRef = 867BE0BC2C05EC20002931C2 /* InterviewCheckerApp.swift */; };
		867BE0BF2C05EC20002931C2 /* ContentView.swift in Sources */ = {isa = PBXBuildFile; fileRef = 867BE0BE2C05EC20002931C2 /* ContentView.swift */; };
		867BE0C12C05EC20002931C2 /* Item.swift in Sources */ = {isa = PBXBuildFile; fileRef = 867BE0C02C05EC20002931C2 /* Item.swift */; };
		867BE0C32C05EC21002931C2 /* Assets.xcassets in Resources */ = {isa = PBXBuildFile; fileRef = 867BE0C22C05EC21002931C2 /* Assets.xcassets */; };
		867BE0C72C05EC21002931C2 /* Preview Assets.xcassets in Resources */ = {isa = PBXBuildFile; fileRef = 867BE0C62C05EC21002931C2 /* Preview Assets.xcassets */; };
		867BE0D12C05EC21002931C2 /* InterviewCheckerTests.swift in Sources */ = {isa = PBXBuildFile; fileRef = 867BE0D02C05EC21002931C2 /* InterviewCheckerTests.swift */; };
		867BE0DB2C05EC21002931C2 /* InterviewCheckerUITests.swift in Sources */ = {isa = PBXBuildFile; fileRef = 867BE0DA2C05EC21002931C2 /* InterviewCheckerUITests.swift */; };
		867BE0DD2C05EC21002931C2 /* InterviewCheckerUITestsLaunchTests.swift in Sources */ = {isa = PBXBuildFile; fileRef = 867BE0DC2C05EC21002931C2 /* InterviewCheckerUITestsLaunchTests.swift */; };
		867BE0EB2C05ED4B002931C2 /* AppRouter.swift in Sources */ = {isa = PBXBuildFile; fileRef = 867BE0EA2C05ED4B002931C2 /* AppRouter.swift */; };
		867BE0ED2C05EEEF002931C2 /* TabBarView.swift in Sources */ = {isa = PBXBuildFile; fileRef = 867BE0EC2C05EEEF002931C2 /* TabBarView.swift */; };
		867BE0F22C05F4F1002931C2 /* View+Extensions.swift in Sources */ = {isa = PBXBuildFile; fileRef = 867BE0F12C05F4F1002931C2 /* View+Extensions.swift */; };
		867BE0F42C05F5AD002931C2 /* BaseRouter.swift in Sources */ = {isa = PBXBuildFile; fileRef = 867BE0F32C05F5AD002931C2 /* BaseRouter.swift */; };
		867BE0F62C05F60C002931C2 /* CGFloat+Extensions.swift in Sources */ = {isa = PBXBuildFile; fileRef = 867BE0F52C05F60C002931C2 /* CGFloat+Extensions.swift */; };
		867BE0F92C05F68D002931C2 /* RouterDestinantion.swift in Sources */ = {isa = PBXBuildFile; fileRef = 867BE0F82C05F68D002931C2 /* RouterDestinantion.swift */; };
		867BE0FB2C05F6E5002931C2 /* RouterDestinationDecoder.swift in Sources */ = {isa = PBXBuildFile; fileRef = 867BE0FA2C05F6E5002931C2 /* RouterDestinationDecoder.swift */; };
		867BE0FD2C05F72D002931C2 /* CodingUserInfoKey+Extensions.swift in Sources */ = {isa = PBXBuildFile; fileRef = 867BE0FC2C05F72D002931C2 /* CodingUserInfoKey+Extensions.swift */; };
		867BE0FF2C05F7B3002931C2 /* TabARouter.swift in Sources */ = {isa = PBXBuildFile; fileRef = 867BE0FE2C05F7B3002931C2 /* TabARouter.swift */; };
		867BE1012C05F819002931C2 /* ViewOne.swift in Sources */ = {isa = PBXBuildFile; fileRef = 867BE1002C05F819002931C2 /* ViewOne.swift */; };
		867BE1032C05F851002931C2 /* ViewTwo.swift in Sources */ = {isa = PBXBuildFile; fileRef = 867BE1022C05F851002931C2 /* ViewTwo.swift */; };
		867BE1052C05F896002931C2 /* TabA.swift in Sources */ = {isa = PBXBuildFile; fileRef = 867BE1042C05F896002931C2 /* TabA.swift */; };
		867BE1072C05F9D0002931C2 /* TabBRouter.swift in Sources */ = {isa = PBXBuildFile; fileRef = 867BE1062C05F9D0002931C2 /* TabBRouter.swift */; };
		867BE1092C05FA4E002931C2 /* TransportationView.swift in Sources */ = {isa = PBXBuildFile; fileRef = 867BE1082C05FA4E002931C2 /* TransportationView.swift */; };
		867BE10B2C05FAA0002931C2 /* TabB.swift in Sources */ = {isa = PBXBuildFile; fileRef = 867BE10A2C05FAA0002931C2 /* TabB.swift */; };
		867BE1172C05FCEC002931C2 /* TabCRouter.swift in Sources */ = {isa = PBXBuildFile; fileRef = 867BE1162C05FCEC002931C2 /* TabCRouter.swift */; };
		867BE1192C05FD5B002931C2 /* InboxView.swift in Sources */ = {isa = PBXBuildFile; fileRef = 867BE1182C05FD5B002931C2 /* InboxView.swift */; };
		867BE11B2C05FD82002931C2 /* ChatView.swift in Sources */ = {isa = PBXBuildFile; fileRef = 867BE11A2C05FD82002931C2 /* ChatView.swift */; };
		867BE11D2C05FDD3002931C2 /* TabC.swift in Sources */ = {isa = PBXBuildFile; fileRef = 867BE11C2C05FDD3002931C2 /* TabC.swift */; };
		867BE11F2C05FE67002931C2 /* InboxNavigationProtocol.swift in Sources */ = {isa = PBXBuildFile; fileRef = 867BE11E2C05FE67002931C2 /* InboxNavigationProtocol.swift */; };
		867BE1212C060126002931C2 /* EnvironmentValues+Extensions.swift in Sources */ = {isa = PBXBuildFile; fileRef = 867BE1202C060126002931C2 /* EnvironmentValues+Extensions.swift */; };
		86EC24262C063F34002C1EF9 /* TabDRouter.swift in Sources */ = {isa = PBXBuildFile; fileRef = 86EC24252C063F34002C1EF9 /* TabDRouter.swift */; };
		86EC24282C064024002C1EF9 /* TabD.swift in Sources */ = {isa = PBXBuildFile; fileRef = 86EC24272C064024002C1EF9 /* TabD.swift */; };
		86EC242A2C0641C4002C1EF9 /* PresentedSheet.swift in Sources */ = {isa = PBXBuildFile; fileRef = 86EC24292C0641C4002C1EF9 /* PresentedSheet.swift */; };
		86EC242D2C0647B4002C1EF9 /* DeeplinkManager.swift in Sources */ = {isa = PBXBuildFile; fileRef = 86EC242C2C0647B4002C1EF9 /* DeeplinkManager.swift */; };
		86EC24302C064B8D002C1EF9 /* Job.swift in Sources */ = {isa = PBXBuildFile; fileRef = 86EC242F2C064B8D002C1EF9 /* Job.swift */; };
/* End PBXBuildFile section */

/* Begin PBXContainerItemProxy section */
		867BE0CD2C05EC21002931C2 /* PBXContainerItemProxy */ = {
			isa = PBXContainerItemProxy;
			containerPortal = 867BE0B12C05EC20002931C2 /* Project object */;
			proxyType = 1;
			remoteGlobalIDString = 867BE0B82C05EC20002931C2;
			remoteInfo = InterviewChecker;
		};
		867BE0D72C05EC21002931C2 /* PBXContainerItemProxy */ = {
			isa = PBXContainerItemProxy;
			containerPortal = 867BE0B12C05EC20002931C2 /* Project object */;
			proxyType = 1;
			remoteGlobalIDString = 867BE0B82C05EC20002931C2;
			remoteInfo = InterviewChecker;
		};
/* End PBXContainerItemProxy section */

/* Begin PBXFileReference section */
		867BE0B92C05EC20002931C2 /* InterviewChecker.app */ = {isa = PBXFileReference; explicitFileType = wrapper.application; includeInIndex = 0; path = InterviewChecker.app; sourceTree = BUILT_PRODUCTS_DIR; };
		867BE0BC2C05EC20002931C2 /* InterviewCheckerApp.swift */ = {isa = PBXFileReference; lastKnownFileType = sourcecode.swift; path = InterviewCheckerApp.swift; sourceTree = "<group>"; };
		867BE0BE2C05EC20002931C2 /* ContentView.swift */ = {isa = PBXFileReference; lastKnownFileType = sourcecode.swift; path = ContentView.swift; sourceTree = "<group>"; };
		867BE0C02C05EC20002931C2 /* Item.swift */ = {isa = PBXFileReference; lastKnownFileType = sourcecode.swift; path = Item.swift; sourceTree = "<group>"; };
		867BE0C22C05EC21002931C2 /* Assets.xcassets */ = {isa = PBXFileReference; lastKnownFileType = folder.assetcatalog; path = Assets.xcassets; sourceTree = "<group>"; };
		867BE0C42C05EC21002931C2 /* InterviewChecker.entitlements */ = {isa = PBXFileReference; lastKnownFileType = text.plist.entitlements; path = InterviewChecker.entitlements; sourceTree = "<group>"; };
		867BE0C62C05EC21002931C2 /* Preview Assets.xcassets */ = {isa = PBXFileReference; lastKnownFileType = folder.assetcatalog; path = "Preview Assets.xcassets"; sourceTree = "<group>"; };
		867BE0CC2C05EC21002931C2 /* InterviewCheckerTests.xctest */ = {isa = PBXFileReference; explicitFileType = wrapper.cfbundle; includeInIndex = 0; path = InterviewCheckerTests.xctest; sourceTree = BUILT_PRODUCTS_DIR; };
		867BE0D02C05EC21002931C2 /* InterviewCheckerTests.swift */ = {isa = PBXFileReference; lastKnownFileType = sourcecode.swift; path = InterviewCheckerTests.swift; sourceTree = "<group>"; };
		867BE0D62C05EC21002931C2 /* InterviewCheckerUITests.xctest */ = {isa = PBXFileReference; explicitFileType = wrapper.cfbundle; includeInIndex = 0; path = InterviewCheckerUITests.xctest; sourceTree = BUILT_PRODUCTS_DIR; };
		867BE0DA2C05EC21002931C2 /* InterviewCheckerUITests.swift */ = {isa = PBXFileReference; lastKnownFileType = sourcecode.swift; path = InterviewCheckerUITests.swift; sourceTree = "<group>"; };
		867BE0DC2C05EC21002931C2 /* InterviewCheckerUITestsLaunchTests.swift */ = {isa = PBXFileReference; lastKnownFileType = sourcecode.swift; path = InterviewCheckerUITestsLaunchTests.swift; sourceTree = "<group>"; };
		867BE0EA2C05ED4B002931C2 /* AppRouter.swift */ = {isa = PBXFileReference; lastKnownFileType = sourcecode.swift; path = AppRouter.swift; sourceTree = "<group>"; };
		867BE0EC2C05EEEF002931C2 /* TabBarView.swift */ = {isa = PBXFileReference; lastKnownFileType = sourcecode.swift; path = TabBarView.swift; sourceTree = "<group>"; };
		867BE0F12C05F4F1002931C2 /* View+Extensions.swift */ = {isa = PBXFileReference; lastKnownFileType = sourcecode.swift; path = "View+Extensions.swift"; sourceTree = "<group>"; };
		867BE0F32C05F5AD002931C2 /* BaseRouter.swift */ = {isa = PBXFileReference; lastKnownFileType = sourcecode.swift; path = BaseRouter.swift; sourceTree = "<group>"; };
		867BE0F52C05F60C002931C2 /* CGFloat+Extensions.swift */ = {isa = PBXFileReference; lastKnownFileType = sourcecode.swift; path = "CGFloat+Extensions.swift"; sourceTree = "<group>"; };
		867BE0F82C05F68D002931C2 /* RouterDestinantion.swift */ = {isa = PBXFileReference; lastKnownFileType = sourcecode.swift; path = RouterDestinantion.swift; sourceTree = "<group>"; };
		867BE0FA2C05F6E5002931C2 /* RouterDestinationDecoder.swift */ = {isa = PBXFileReference; lastKnownFileType = sourcecode.swift; path = RouterDestinationDecoder.swift; sourceTree = "<group>"; };
		867BE0FC2C05F72D002931C2 /* CodingUserInfoKey+Extensions.swift */ = {isa = PBXFileReference; lastKnownFileType = sourcecode.swift; path = "CodingUserInfoKey+Extensions.swift"; sourceTree = "<group>"; };
		867BE0FE2C05F7B3002931C2 /* TabARouter.swift */ = {isa = PBXFileReference; lastKnownFileType = sourcecode.swift; path = TabARouter.swift; sourceTree = "<group>"; };
		867BE1002C05F819002931C2 /* ViewOne.swift */ = {isa = PBXFileReference; lastKnownFileType = sourcecode.swift; path = ViewOne.swift; sourceTree = "<group>"; };
		867BE1022C05F851002931C2 /* ViewTwo.swift */ = {isa = PBXFileReference; lastKnownFileType = sourcecode.swift; path = ViewTwo.swift; sourceTree = "<group>"; };
		867BE1042C05F896002931C2 /* TabA.swift */ = {isa = PBXFileReference; lastKnownFileType = sourcecode.swift; path = TabA.swift; sourceTree = "<group>"; };
		867BE1062C05F9D0002931C2 /* TabBRouter.swift */ = {isa = PBXFileReference; lastKnownFileType = sourcecode.swift; path = TabBRouter.swift; sourceTree = "<group>"; };
		867BE1082C05FA4E002931C2 /* TransportationView.swift */ = {isa = PBXFileReference; lastKnownFileType = sourcecode.swift; path = TransportationView.swift; sourceTree = "<group>"; };
		867BE10A2C05FAA0002931C2 /* TabB.swift */ = {isa = PBXFileReference; lastKnownFileType = sourcecode.swift; path = TabB.swift; sourceTree = "<group>"; };
		867BE1162C05FCEC002931C2 /* TabCRouter.swift */ = {isa = PBXFileReference; lastKnownFileType = sourcecode.swift; path = TabCRouter.swift; sourceTree = "<group>"; };
		867BE1182C05FD5B002931C2 /* InboxView.swift */ = {isa = PBXFileReference; lastKnownFileType = sourcecode.swift; path = InboxView.swift; sourceTree = "<group>"; };
		867BE11A2C05FD82002931C2 /* ChatView.swift */ = {isa = PBXFileReference; lastKnownFileType = sourcecode.swift; path = ChatView.swift; sourceTree = "<group>"; };
		867BE11C2C05FDD3002931C2 /* TabC.swift */ = {isa = PBXFileReference; lastKnownFileType = sourcecode.swift; path = TabC.swift; sourceTree = "<group>"; };
		867BE11E2C05FE67002931C2 /* InboxNavigationProtocol.swift */ = {isa = PBXFileReference; lastKnownFileType = sourcecode.swift; path = InboxNavigationProtocol.swift; sourceTree = "<group>"; };
		867BE1202C060126002931C2 /* EnvironmentValues+Extensions.swift */ = {isa = PBXFileReference; lastKnownFileType = sourcecode.swift; path = "EnvironmentValues+Extensions.swift"; sourceTree = "<group>"; };
		86EC24252C063F34002C1EF9 /* TabDRouter.swift */ = {isa = PBXFileReference; lastKnownFileType = sourcecode.swift; path = TabDRouter.swift; sourceTree = "<group>"; };
		86EC24272C064024002C1EF9 /* TabD.swift */ = {isa = PBXFileReference; lastKnownFileType = sourcecode.swift; path = TabD.swift; sourceTree = "<group>"; };
		86EC24292C0641C4002C1EF9 /* PresentedSheet.swift */ = {isa = PBXFileReference; lastKnownFileType = sourcecode.swift; path = PresentedSheet.swift; sourceTree = "<group>"; };
		86EC242C2C0647B4002C1EF9 /* DeeplinkManager.swift */ = {isa = PBXFileReference; lastKnownFileType = sourcecode.swift; path = DeeplinkManager.swift; sourceTree = "<group>"; };
		86EC242F2C064B8D002C1EF9 /* Job.swift */ = {isa = PBXFileReference; lastKnownFileType = sourcecode.swift; path = Job.swift; sourceTree = "<group>"; };
/* End PBXFileReference section */

/* Begin PBXFrameworksBuildPhase section */
		867BE0B62C05EC20002931C2 /* Frameworks */ = {
			isa = PBXFrameworksBuildPhase;
			buildActionMask = 2147483647;
			files = (
			);
			runOnlyForDeploymentPostprocessing = 0;
		};
		867BE0C92C05EC21002931C2 /* Frameworks */ = {
			isa = PBXFrameworksBuildPhase;
			buildActionMask = 2147483647;
			files = (
			);
			runOnlyForDeploymentPostprocessing = 0;
		};
		867BE0D32C05EC21002931C2 /* Frameworks */ = {
			isa = PBXFrameworksBuildPhase;
			buildActionMask = 2147483647;
			files = (
			);
			runOnlyForDeploymentPostprocessing = 0;
		};
/* End PBXFrameworksBuildPhase section */

/* Begin PBXGroup section */
		867BE0B02C05EC20002931C2 = {
			isa = PBXGroup;
			children = (
				867BE0BB2C05EC20002931C2 /* InterviewChecker */,
				867BE0CF2C05EC21002931C2 /* InterviewCheckerTests */,
				867BE0D92C05EC21002931C2 /* InterviewCheckerUITests */,
				867BE0BA2C05EC20002931C2 /* Products */,
			);
			sourceTree = "<group>";
		};
		867BE0BA2C05EC20002931C2 /* Products */ = {
			isa = PBXGroup;
			children = (
				867BE0B92C05EC20002931C2 /* InterviewChecker.app */,
				867BE0CC2C05EC21002931C2 /* InterviewCheckerTests.xctest */,
				867BE0D62C05EC21002931C2 /* InterviewCheckerUITests.xctest */,
			);
			name = Products;
			sourceTree = "<group>";
		};
		867BE0BB2C05EC20002931C2 /* InterviewChecker */ = {
			isa = PBXGroup;
			children = (
				86EC242E2C064B7E002C1EF9 /* Models */,
				86EC242B2C064796002C1EF9 /* DeeplinkManger */,
				867BE0F02C05F4DA002931C2 /* Extensions */,
				867BE0E92C05ED31002931C2 /* App */,
				867BE10C2C05FBE8002931C2 /* Views */,
				867BE0BE2C05EC20002931C2 /* ContentView.swift */,
				867BE0C22C05EC21002931C2 /* Assets.xcassets */,
				867BE0C42C05EC21002931C2 /* InterviewChecker.entitlements */,
				867BE0C52C05EC21002931C2 /* Preview Content */,
			);
			path = InterviewChecker;
			sourceTree = "<group>";
		};
		867BE0C52C05EC21002931C2 /* Preview Content */ = {
			isa = PBXGroup;
			children = (
				867BE0C62C05EC21002931C2 /* Preview Assets.xcassets */,
			);
			path = "Preview Content";
			sourceTree = "<group>";
		};
		867BE0CF2C05EC21002931C2 /* InterviewCheckerTests */ = {
			isa = PBXGroup;
			children = (
				867BE0D02C05EC21002931C2 /* InterviewCheckerTests.swift */,
			);
			path = InterviewCheckerTests;
			sourceTree = "<group>";
		};
		867BE0D92C05EC21002931C2 /* InterviewCheckerUITests */ = {
			isa = PBXGroup;
			children = (
				867BE0DA2C05EC21002931C2 /* InterviewCheckerUITests.swift */,
				867BE0DC2C05EC21002931C2 /* InterviewCheckerUITestsLaunchTests.swift */,
			);
			path = InterviewCheckerUITests;
			sourceTree = "<group>";
		};
		867BE0E92C05ED31002931C2 /* App */ = {
			isa = PBXGroup;
			children = (
				867BE0EC2C05EEEF002931C2 /* TabBarView.swift */,
				867BE0BC2C05EC20002931C2 /* InterviewCheckerApp.swift */,
				867BE0F72C05F65D002931C2 /* Routers */,
			);
			path = App;
			sourceTree = "<group>";
		};
		867BE0F02C05F4DA002931C2 /* Extensions */ = {
			isa = PBXGroup;
			children = (
				867BE0F12C05F4F1002931C2 /* View+Extensions.swift */,
				867BE0F52C05F60C002931C2 /* CGFloat+Extensions.swift */,
				867BE0FC2C05F72D002931C2 /* CodingUserInfoKey+Extensions.swift */,
				867BE1202C060126002931C2 /* EnvironmentValues+Extensions.swift */,
			);
			path = Extensions;
			sourceTree = "<group>";
		};
		867BE0F72C05F65D002931C2 /* Routers */ = {
			isa = PBXGroup;
			children = (
				867BE0EA2C05ED4B002931C2 /* AppRouter.swift */,
				867BE0F32C05F5AD002931C2 /* BaseRouter.swift */,
				867BE0F82C05F68D002931C2 /* RouterDestinantion.swift */,
				867BE0FA2C05F6E5002931C2 /* RouterDestinationDecoder.swift */,
				86EC24292C0641C4002C1EF9 /* PresentedSheet.swift */,
			);
			path = Routers;
			sourceTree = "<group>";
		};
		867BE10C2C05FBE8002931C2 /* Views */ = {
			isa = PBXGroup;
			children = (
				867BE10D2C05FBF4002931C2 /* TabA */,
				867BE1102C05FC44002931C2 /* TabB */,
				867BE1132C05FC99002931C2 /* TabC */,
				86EC24222C063F03002C1EF9 /* TabD */,
			);
			path = Views;
			sourceTree = "<group>";
		};
		867BE10D2C05FBF4002931C2 /* TabA */ = {
			isa = PBXGroup;
			children = (
				867BE1042C05F896002931C2 /* TabA.swift */,
				867BE10F2C05FC0F002931C2 /* Views */,
				867BE10E2C05FC08002931C2 /* Router */,
			);
			path = TabA;
			sourceTree = "<group>";
		};
		867BE10E2C05FC08002931C2 /* Router */ = {
			isa = PBXGroup;
			children = (
				867BE0FE2C05F7B3002931C2 /* TabARouter.swift */,
			);
			path = Router;
			sourceTree = "<group>";
		};
		867BE10F2C05FC0F002931C2 /* Views */ = {
			isa = PBXGroup;
			children = (
				867BE1022C05F851002931C2 /* ViewTwo.swift */,
				867BE1002C05F819002931C2 /* ViewOne.swift */,
			);
			path = Views;
			sourceTree = "<group>";
		};
		867BE1102C05FC44002931C2 /* TabB */ = {
			isa = PBXGroup;
			children = (
				867BE10A2C05FAA0002931C2 /* TabB.swift */,
				867BE1122C05FC56002931C2 /* Views */,
				867BE1112C05FC4E002931C2 /* Router */,
			);
			path = TabB;
			sourceTree = "<group>";
		};
		867BE1112C05FC4E002931C2 /* Router */ = {
			isa = PBXGroup;
			children = (
				867BE1062C05F9D0002931C2 /* TabBRouter.swift */,
			);
			path = Router;
			sourceTree = "<group>";
		};
		867BE1122C05FC56002931C2 /* Views */ = {
			isa = PBXGroup;
			children = (
				867BE1082C05FA4E002931C2 /* TransportationView.swift */,
			);
			path = Views;
			sourceTree = "<group>";
		};
		867BE1132C05FC99002931C2 /* TabC */ = {
			isa = PBXGroup;
			children = (
				867BE1152C05FCBC002931C2 /* Views */,
				867BE1142C05FCAA002931C2 /* Router */,
				867BE11C2C05FDD3002931C2 /* TabC.swift */,
			);
			path = TabC;
			sourceTree = "<group>";
		};
		867BE1142C05FCAA002931C2 /* Router */ = {
			isa = PBXGroup;
			children = (
				867BE1162C05FCEC002931C2 /* TabCRouter.swift */,
				867BE11E2C05FE67002931C2 /* InboxNavigationProtocol.swift */,
			);
			path = Router;
			sourceTree = "<group>";
		};
		867BE1152C05FCBC002931C2 /* Views */ = {
			isa = PBXGroup;
			children = (
				867BE1182C05FD5B002931C2 /* InboxView.swift */,
				867BE11A2C05FD82002931C2 /* ChatView.swift */,
			);
			path = Views;
			sourceTree = "<group>";
		};
		86EC24222C063F03002C1EF9 /* TabD */ = {
			isa = PBXGroup;
			children = (
				86EC24242C063F1F002C1EF9 /* Views */,
				86EC24232C063F15002C1EF9 /* Router */,
				86EC24272C064024002C1EF9 /* TabD.swift */,
			);
			path = TabD;
			sourceTree = "<group>";
		};
		86EC24232C063F15002C1EF9 /* Router */ = {
			isa = PBXGroup;
			children = (
				86EC24252C063F34002C1EF9 /* TabDRouter.swift */,
			);
			path = Router;
			sourceTree = "<group>";
		};
		86EC24242C063F1F002C1EF9 /* Views */ = {
			isa = PBXGroup;
			children = (
			);
			path = Views;
			sourceTree = "<group>";
		};
		86EC242B2C064796002C1EF9 /* DeeplinkManger */ = {
			isa = PBXGroup;
			children = (
				86EC242C2C0647B4002C1EF9 /* DeeplinkManager.swift */,
			);
			path = DeeplinkManger;
			sourceTree = "<group>";
		};
		86EC242E2C064B7E002C1EF9 /* Models */ = {
			isa = PBXGroup;
			children = (
				867BE0C02C05EC20002931C2 /* Item.swift */,
				86EC242F2C064B8D002C1EF9 /* Job.swift */,
			);
			path = Models;
			sourceTree = "<group>";
		};
/* End PBXGroup section */

/* Begin PBXNativeTarget section */
		867BE0B82C05EC20002931C2 /* InterviewChecker */ = {
			isa = PBXNativeTarget;
			buildConfigurationList = 867BE0E02C05EC21002931C2 /* Build configuration list for PBXNativeTarget "InterviewChecker" */;
			buildPhases = (
				867BE0B52C05EC20002931C2 /* Sources */,
				867BE0B62C05EC20002931C2 /* Frameworks */,
				867BE0B72C05EC20002931C2 /* Resources */,
			);
			buildRules = (
			);
			dependencies = (
			);
			name = InterviewChecker;
			productName = InterviewChecker;
			productReference = 867BE0B92C05EC20002931C2 /* InterviewChecker.app */;
			productType = "com.apple.product-type.application";
		};
		867BE0CB2C05EC21002931C2 /* InterviewCheckerTests */ = {
			isa = PBXNativeTarget;
			buildConfigurationList = 867BE0E32C05EC21002931C2 /* Build configuration list for PBXNativeTarget "InterviewCheckerTests" */;
			buildPhases = (
				867BE0C82C05EC21002931C2 /* Sources */,
				867BE0C92C05EC21002931C2 /* Frameworks */,
				867BE0CA2C05EC21002931C2 /* Resources */,
			);
			buildRules = (
			);
			dependencies = (
				867BE0CE2C05EC21002931C2 /* PBXTargetDependency */,
			);
			name = InterviewCheckerTests;
			productName = InterviewCheckerTests;
			productReference = 867BE0CC2C05EC21002931C2 /* InterviewCheckerTests.xctest */;
			productType = "com.apple.product-type.bundle.unit-test";
		};
		867BE0D52C05EC21002931C2 /* InterviewCheckerUITests */ = {
			isa = PBXNativeTarget;
			buildConfigurationList = 867BE0E62C05EC21002931C2 /* Build configuration list for PBXNativeTarget "InterviewCheckerUITests" */;
			buildPhases = (
				867BE0D22C05EC21002931C2 /* Sources */,
				867BE0D32C05EC21002931C2 /* Frameworks */,
				867BE0D42C05EC21002931C2 /* Resources */,
			);
			buildRules = (
			);
			dependencies = (
				867BE0D82C05EC21002931C2 /* PBXTargetDependency */,
			);
			name = InterviewCheckerUITests;
			productName = InterviewCheckerUITests;
			productReference = 867BE0D62C05EC21002931C2 /* InterviewCheckerUITests.xctest */;
			productType = "com.apple.product-type.bundle.ui-testing";
		};
/* End PBXNativeTarget section */

/* Begin PBXProject section */
		867BE0B12C05EC20002931C2 /* Project object */ = {
			isa = PBXProject;
			attributes = {
				BuildIndependentTargetsInParallel = 1;
				LastSwiftUpdateCheck = 1540;
				LastUpgradeCheck = 1540;
				TargetAttributes = {
					867BE0B82C05EC20002931C2 = {
						CreatedOnToolsVersion = 15.4;
					};
					867BE0CB2C05EC21002931C2 = {
						CreatedOnToolsVersion = 15.4;
						TestTargetID = 867BE0B82C05EC20002931C2;
					};
					867BE0D52C05EC21002931C2 = {
						CreatedOnToolsVersion = 15.4;
						TestTargetID = 867BE0B82C05EC20002931C2;
					};
				};
			};
			buildConfigurationList = 867BE0B42C05EC20002931C2 /* Build configuration list for PBXProject "InterviewChecker" */;
			compatibilityVersion = "Xcode 14.0";
			developmentRegion = en;
			hasScannedForEncodings = 0;
			knownRegions = (
				en,
				Base,
			);
			mainGroup = 867BE0B02C05EC20002931C2;
			productRefGroup = 867BE0BA2C05EC20002931C2 /* Products */;
			projectDirPath = "";
			projectRoot = "";
			targets = (
				867BE0B82C05EC20002931C2 /* InterviewChecker */,
				867BE0CB2C05EC21002931C2 /* InterviewCheckerTests */,
				867BE0D52C05EC21002931C2 /* InterviewCheckerUITests */,
			);
		};
/* End PBXProject section */

/* Begin PBXResourcesBuildPhase section */
		867BE0B72C05EC20002931C2 /* Resources */ = {
			isa = PBXResourcesBuildPhase;
			buildActionMask = 2147483647;
			files = (
				867BE0C72C05EC21002931C2 /* Preview Assets.xcassets in Resources */,
				867BE0C32C05EC21002931C2 /* Assets.xcassets in Resources */,
			);
			runOnlyForDeploymentPostprocessing = 0;
		};
		867BE0CA2C05EC21002931C2 /* Resources */ = {
			isa = PBXResourcesBuildPhase;
			buildActionMask = 2147483647;
			files = (
			);
			runOnlyForDeploymentPostprocessing = 0;
		};
		867BE0D42C05EC21002931C2 /* Resources */ = {
			isa = PBXResourcesBuildPhase;
			buildActionMask = 2147483647;
			files = (
			);
			runOnlyForDeploymentPostprocessing = 0;
		};
/* End PBXResourcesBuildPhase section */

/* Begin PBXSourcesBuildPhase section */
		867BE0B52C05EC20002931C2 /* Sources */ = {
			isa = PBXSourcesBuildPhase;
			buildActionMask = 2147483647;
			files = (
				867BE0F62C05F60C002931C2 /* CGFloat+Extensions.swift in Sources */,
				867BE1172C05FCEC002931C2 /* TabCRouter.swift in Sources */,
				86EC242A2C0641C4002C1EF9 /* PresentedSheet.swift in Sources */,
				867BE0FF2C05F7B3002931C2 /* TabARouter.swift in Sources */,
				867BE11B2C05FD82002931C2 /* ChatView.swift in Sources */,
				867BE0EB2C05ED4B002931C2 /* AppRouter.swift in Sources */,
				867BE1092C05FA4E002931C2 /* TransportationView.swift in Sources */,
				867BE10B2C05FAA0002931C2 /* TabB.swift in Sources */,
				867BE0BF2C05EC20002931C2 /* ContentView.swift in Sources */,
				867BE0FD2C05F72D002931C2 /* CodingUserInfoKey+Extensions.swift in Sources */,
				867BE11F2C05FE67002931C2 /* InboxNavigationProtocol.swift in Sources */,
				867BE0FB2C05F6E5002931C2 /* RouterDestinationDecoder.swift in Sources */,
				867BE1192C05FD5B002931C2 /* InboxView.swift in Sources */,
				867BE1012C05F819002931C2 /* ViewOne.swift in Sources */,
				867BE0F22C05F4F1002931C2 /* View+Extensions.swift in Sources */,
				867BE1072C05F9D0002931C2 /* TabBRouter.swift in Sources */,
				867BE0C12C05EC20002931C2 /* Item.swift in Sources */,
				867BE11D2C05FDD3002931C2 /* TabC.swift in Sources */,
				867BE0F92C05F68D002931C2 /* RouterDestinantion.swift in Sources */,
				867BE1032C05F851002931C2 /* ViewTwo.swift in Sources */,
				867BE1212C060126002931C2 /* EnvironmentValues+Extensions.swift in Sources */,
				867BE0ED2C05EEEF002931C2 /* TabBarView.swift in Sources */,
				867BE1052C05F896002931C2 /* TabA.swift in Sources */,
				86EC24282C064024002C1EF9 /* TabD.swift in Sources */,
				86EC24302C064B8D002C1EF9 /* Job.swift in Sources */,
				867BE0BD2C05EC20002931C2 /* InterviewCheckerApp.swift in Sources */,
				867BE0F42C05F5AD002931C2 /* BaseRouter.swift in Sources */,
				86EC24262C063F34002C1EF9 /* TabDRouter.swift in Sources */,
				86EC242D2C0647B4002C1EF9 /* DeeplinkManager.swift in Sources */,
			);
			runOnlyForDeploymentPostprocessing = 0;
		};
		867BE0C82C05EC21002931C2 /* Sources */ = {
			isa = PBXSourcesBuildPhase;
			buildActionMask = 2147483647;
			files = (
				867BE0D12C05EC21002931C2 /* InterviewCheckerTests.swift in Sources */,
			);
			runOnlyForDeploymentPostprocessing = 0;
		};
		867BE0D22C05EC21002931C2 /* Sources */ = {
			isa = PBXSourcesBuildPhase;
			buildActionMask = 2147483647;
			files = (
				867BE0DD2C05EC21002931C2 /* InterviewCheckerUITestsLaunchTests.swift in Sources */,
				867BE0DB2C05EC21002931C2 /* InterviewCheckerUITests.swift in Sources */,
			);
			runOnlyForDeploymentPostprocessing = 0;
		};
/* End PBXSourcesBuildPhase section */

/* Begin PBXTargetDependency section */
		867BE0CE2C05EC21002931C2 /* PBXTargetDependency */ = {
			isa = PBXTargetDependency;
			target = 867BE0B82C05EC20002931C2 /* InterviewChecker */;
			targetProxy = 867BE0CD2C05EC21002931C2 /* PBXContainerItemProxy */;
		};
		867BE0D82C05EC21002931C2 /* PBXTargetDependency */ = {
			isa = PBXTargetDependency;
			target = 867BE0B82C05EC20002931C2 /* InterviewChecker */;
			targetProxy = 867BE0D72C05EC21002931C2 /* PBXContainerItemProxy */;
		};
/* End PBXTargetDependency section */

/* Begin XCBuildConfiguration section */
		867BE0DE2C05EC21002931C2 /* Debug */ = {
			isa = XCBuildConfiguration;
			buildSettings = {
				ALWAYS_SEARCH_USER_PATHS = NO;
				ASSETCATALOG_COMPILER_GENERATE_SWIFT_ASSET_SYMBOL_EXTENSIONS = YES;
				CLANG_ANALYZER_NONNULL = YES;
				CLANG_ANALYZER_NUMBER_OBJECT_CONVERSION = YES_AGGRESSIVE;
				CLANG_CXX_LANGUAGE_STANDARD = "gnu++20";
				CLANG_ENABLE_MODULES = YES;
				CLANG_ENABLE_OBJC_ARC = YES;
				CLANG_ENABLE_OBJC_WEAK = YES;
				CLANG_WARN_BLOCK_CAPTURE_AUTORELEASING = YES;
				CLANG_WARN_BOOL_CONVERSION = YES;
				CLANG_WARN_COMMA = YES;
				CLANG_WARN_CONSTANT_CONVERSION = YES;
				CLANG_WARN_DEPRECATED_OBJC_IMPLEMENTATIONS = YES;
				CLANG_WARN_DIRECT_OBJC_ISA_USAGE = YES_ERROR;
				CLANG_WARN_DOCUMENTATION_COMMENTS = YES;
				CLANG_WARN_EMPTY_BODY = YES;
				CLANG_WARN_ENUM_CONVERSION = YES;
				CLANG_WARN_INFINITE_RECURSION = YES;
				CLANG_WARN_INT_CONVERSION = YES;
				CLANG_WARN_NON_LITERAL_NULL_CONVERSION = YES;
				CLANG_WARN_OBJC_IMPLICIT_RETAIN_SELF = YES;
				CLANG_WARN_OBJC_LITERAL_CONVERSION = YES;
				CLANG_WARN_OBJC_ROOT_CLASS = YES_ERROR;
				CLANG_WARN_QUOTED_INCLUDE_IN_FRAMEWORK_HEADER = YES;
				CLANG_WARN_RANGE_LOOP_ANALYSIS = YES;
				CLANG_WARN_STRICT_PROTOTYPES = YES;
				CLANG_WARN_SUSPICIOUS_MOVE = YES;
				CLANG_WARN_UNGUARDED_AVAILABILITY = YES_AGGRESSIVE;
				CLANG_WARN_UNREACHABLE_CODE = YES;
				CLANG_WARN__DUPLICATE_METHOD_MATCH = YES;
				COPY_PHASE_STRIP = NO;
				DEBUG_INFORMATION_FORMAT = dwarf;
				ENABLE_STRICT_OBJC_MSGSEND = YES;
				ENABLE_TESTABILITY = YES;
				ENABLE_USER_SCRIPT_SANDBOXING = YES;
				GCC_C_LANGUAGE_STANDARD = gnu17;
				GCC_DYNAMIC_NO_PIC = NO;
				GCC_NO_COMMON_BLOCKS = YES;
				GCC_OPTIMIZATION_LEVEL = 0;
				GCC_PREPROCESSOR_DEFINITIONS = (
					"DEBUG=1",
					"$(inherited)",
				);
				GCC_WARN_64_TO_32_BIT_CONVERSION = YES;
				GCC_WARN_ABOUT_RETURN_TYPE = YES_ERROR;
				GCC_WARN_UNDECLARED_SELECTOR = YES;
				GCC_WARN_UNINITIALIZED_AUTOS = YES_AGGRESSIVE;
				GCC_WARN_UNUSED_FUNCTION = YES;
				GCC_WARN_UNUSED_VARIABLE = YES;
				LOCALIZATION_PREFERS_STRING_CATALOGS = YES;
				MTL_ENABLE_DEBUG_INFO = INCLUDE_SOURCE;
				MTL_FAST_MATH = YES;
				ONLY_ACTIVE_ARCH = YES;
				SWIFT_ACTIVE_COMPILATION_CONDITIONS = "DEBUG $(inherited)";
				SWIFT_OPTIMIZATION_LEVEL = "-Onone";
			};
			name = Debug;
		};
		867BE0DF2C05EC21002931C2 /* Release */ = {
			isa = XCBuildConfiguration;
			buildSettings = {
				ALWAYS_SEARCH_USER_PATHS = NO;
				ASSETCATALOG_COMPILER_GENERATE_SWIFT_ASSET_SYMBOL_EXTENSIONS = YES;
				CLANG_ANALYZER_NONNULL = YES;
				CLANG_ANALYZER_NUMBER_OBJECT_CONVERSION = YES_AGGRESSIVE;
				CLANG_CXX_LANGUAGE_STANDARD = "gnu++20";
				CLANG_ENABLE_MODULES = YES;
				CLANG_ENABLE_OBJC_ARC = YES;
				CLANG_ENABLE_OBJC_WEAK = YES;
				CLANG_WARN_BLOCK_CAPTURE_AUTORELEASING = YES;
				CLANG_WARN_BOOL_CONVERSION = YES;
				CLANG_WARN_COMMA = YES;
				CLANG_WARN_CONSTANT_CONVERSION = YES;
				CLANG_WARN_DEPRECATED_OBJC_IMPLEMENTATIONS = YES;
				CLANG_WARN_DIRECT_OBJC_ISA_USAGE = YES_ERROR;
				CLANG_WARN_DOCUMENTATION_COMMENTS = YES;
				CLANG_WARN_EMPTY_BODY = YES;
				CLANG_WARN_ENUM_CONVERSION = YES;
				CLANG_WARN_INFINITE_RECURSION = YES;
				CLANG_WARN_INT_CONVERSION = YES;
				CLANG_WARN_NON_LITERAL_NULL_CONVERSION = YES;
				CLANG_WARN_OBJC_IMPLICIT_RETAIN_SELF = YES;
				CLANG_WARN_OBJC_LITERAL_CONVERSION = YES;
				CLANG_WARN_OBJC_ROOT_CLASS = YES_ERROR;
				CLANG_WARN_QUOTED_INCLUDE_IN_FRAMEWORK_HEADER = YES;
				CLANG_WARN_RANGE_LOOP_ANALYSIS = YES;
				CLANG_WARN_STRICT_PROTOTYPES = YES;
				CLANG_WARN_SUSPICIOUS_MOVE = YES;
				CLANG_WARN_UNGUARDED_AVAILABILITY = YES_AGGRESSIVE;
				CLANG_WARN_UNREACHABLE_CODE = YES;
				CLANG_WARN__DUPLICATE_METHOD_MATCH = YES;
				COPY_PHASE_STRIP = NO;
				DEBUG_INFORMATION_FORMAT = "dwarf-with-dsym";
				ENABLE_NS_ASSERTIONS = NO;
				ENABLE_STRICT_OBJC_MSGSEND = YES;
				ENABLE_USER_SCRIPT_SANDBOXING = YES;
				GCC_C_LANGUAGE_STANDARD = gnu17;
				GCC_NO_COMMON_BLOCKS = YES;
				GCC_WARN_64_TO_32_BIT_CONVERSION = YES;
				GCC_WARN_ABOUT_RETURN_TYPE = YES_ERROR;
				GCC_WARN_UNDECLARED_SELECTOR = YES;
				GCC_WARN_UNINITIALIZED_AUTOS = YES_AGGRESSIVE;
				GCC_WARN_UNUSED_FUNCTION = YES;
				GCC_WARN_UNUSED_VARIABLE = YES;
				LOCALIZATION_PREFERS_STRING_CATALOGS = YES;
				MTL_ENABLE_DEBUG_INFO = NO;
				MTL_FAST_MATH = YES;
				SWIFT_COMPILATION_MODE = wholemodule;
			};
			name = Release;
		};
		867BE0E12C05EC21002931C2 /* Debug */ = {
			isa = XCBuildConfiguration;
			buildSettings = {
				ASSETCATALOG_COMPILER_APPICON_NAME = AppIcon;
				ASSETCATALOG_COMPILER_GLOBAL_ACCENT_COLOR_NAME = AccentColor;
				CODE_SIGN_ENTITLEMENTS = InterviewChecker/InterviewChecker.entitlements;
				CODE_SIGN_STYLE = Automatic;
				CURRENT_PROJECT_VERSION = 1;
				DEVELOPMENT_ASSET_PATHS = "\"InterviewChecker/Preview Content\"";
				DEVELOPMENT_TEAM = 922R4697G4;
				ENABLE_HARDENED_RUNTIME = YES;
				ENABLE_PREVIEWS = YES;
				GENERATE_INFOPLIST_FILE = YES;
				"INFOPLIST_KEY_UIApplicationSceneManifest_Generation[sdk=iphoneos*]" = YES;
				"INFOPLIST_KEY_UIApplicationSceneManifest_Generation[sdk=iphonesimulator*]" = YES;
				"INFOPLIST_KEY_UIApplicationSupportsIndirectInputEvents[sdk=iphoneos*]" = YES;
				"INFOPLIST_KEY_UIApplicationSupportsIndirectInputEvents[sdk=iphonesimulator*]" = YES;
				"INFOPLIST_KEY_UILaunchScreen_Generation[sdk=iphoneos*]" = YES;
				"INFOPLIST_KEY_UILaunchScreen_Generation[sdk=iphonesimulator*]" = YES;
				"INFOPLIST_KEY_UIStatusBarStyle[sdk=iphoneos*]" = UIStatusBarStyleDefault;
				"INFOPLIST_KEY_UIStatusBarStyle[sdk=iphonesimulator*]" = UIStatusBarStyleDefault;
				INFOPLIST_KEY_UISupportedInterfaceOrientations_iPad = "UIInterfaceOrientationPortrait UIInterfaceOrientationPortraitUpsideDown UIInterfaceOrientationLandscapeLeft UIInterfaceOrientationLandscapeRight";
				INFOPLIST_KEY_UISupportedInterfaceOrientations_iPhone = "UIInterfaceOrientationPortrait UIInterfaceOrientationLandscapeLeft UIInterfaceOrientationLandscapeRight";
				IPHONEOS_DEPLOYMENT_TARGET = 17.5;
				LD_RUNPATH_SEARCH_PATHS = "@executable_path/Frameworks";
				"LD_RUNPATH_SEARCH_PATHS[sdk=macosx*]" = "@executable_path/../Frameworks";
				MACOSX_DEPLOYMENT_TARGET = 14.0;
				MARKETING_VERSION = 1.0;
				PRODUCT_BUNDLE_IDENTIFIER = uk.co.markgolubev.InterviewChecker;
				PRODUCT_NAME = "$(TARGET_NAME)";
				SDKROOT = auto;
				SUPPORTED_PLATFORMS = "iphoneos iphonesimulator macosx";
				SWIFT_EMIT_LOC_STRINGS = YES;
				SWIFT_VERSION = 5.0;
				TARGETED_DEVICE_FAMILY = "1,2";
			};
			name = Debug;
		};
		867BE0E22C05EC21002931C2 /* Release */ = {
			isa = XCBuildConfiguration;
			buildSettings = {
				ASSETCATALOG_COMPILER_APPICON_NAME = AppIcon;
				ASSETCATALOG_COMPILER_GLOBAL_ACCENT_COLOR_NAME = AccentColor;
				CODE_SIGN_ENTITLEMENTS = InterviewChecker/InterviewChecker.entitlements;
				CODE_SIGN_STYLE = Automatic;
				CURRENT_PROJECT_VERSION = 1;
				DEVELOPMENT_ASSET_PATHS = "\"InterviewChecker/Preview Content\"";
				DEVELOPMENT_TEAM = 922R4697G4;
				ENABLE_HARDENED_RUNTIME = YES;
				ENABLE_PREVIEWS = YES;
				GENERATE_INFOPLIST_FILE = YES;
				"INFOPLIST_KEY_UIApplicationSceneManifest_Generation[sdk=iphoneos*]" = YES;
				"INFOPLIST_KEY_UIApplicationSceneManifest_Generation[sdk=iphonesimulator*]" = YES;
				"INFOPLIST_KEY_UIApplicationSupportsIndirectInputEvents[sdk=iphoneos*]" = YES;
				"INFOPLIST_KEY_UIApplicationSupportsIndirectInputEvents[sdk=iphonesimulator*]" = YES;
				"INFOPLIST_KEY_UILaunchScreen_Generation[sdk=iphoneos*]" = YES;
				"INFOPLIST_KEY_UILaunchScreen_Generation[sdk=iphonesimulator*]" = YES;
				"INFOPLIST_KEY_UIStatusBarStyle[sdk=iphoneos*]" = UIStatusBarStyleDefault;
				"INFOPLIST_KEY_UIStatusBarStyle[sdk=iphonesimulator*]" = UIStatusBarStyleDefault;
				INFOPLIST_KEY_UISupportedInterfaceOrientations_iPad = "UIInterfaceOrientationPortrait UIInterfaceOrientationPortraitUpsideDown UIInterfaceOrientationLandscapeLeft UIInterfaceOrientationLandscapeRight";
				INFOPLIST_KEY_UISupportedInterfaceOrientations_iPhone = "UIInterfaceOrientationPortrait UIInterfaceOrientationLandscapeLeft UIInterfaceOrientationLandscapeRight";
				IPHONEOS_DEPLOYMENT_TARGET = 17.5;
				LD_RUNPATH_SEARCH_PATHS = "@executable_path/Frameworks";
				"LD_RUNPATH_SEARCH_PATHS[sdk=macosx*]" = "@executable_path/../Frameworks";
				MACOSX_DEPLOYMENT_TARGET = 14.0;
				MARKETING_VERSION = 1.0;
				PRODUCT_BUNDLE_IDENTIFIER = uk.co.markgolubev.InterviewChecker;
				PRODUCT_NAME = "$(TARGET_NAME)";
				SDKROOT = auto;
				SUPPORTED_PLATFORMS = "iphoneos iphonesimulator macosx";
				SWIFT_EMIT_LOC_STRINGS = YES;
				SWIFT_VERSION = 5.0;
				TARGETED_DEVICE_FAMILY = "1,2";
			};
			name = Release;
		};
		867BE0E42C05EC21002931C2 /* Debug */ = {
			isa = XCBuildConfiguration;
			buildSettings = {
				ALWAYS_EMBED_SWIFT_STANDARD_LIBRARIES = YES;
				BUNDLE_LOADER = "$(TEST_HOST)";
				CODE_SIGN_STYLE = Automatic;
				CURRENT_PROJECT_VERSION = 1;
				DEVELOPMENT_TEAM = 922R4697G4;
				GENERATE_INFOPLIST_FILE = YES;
				IPHONEOS_DEPLOYMENT_TARGET = 17.5;
				MACOSX_DEPLOYMENT_TARGET = 14.5;
				MARKETING_VERSION = 1.0;
				PRODUCT_BUNDLE_IDENTIFIER = uk.co.markgolubev.InterviewCheckerTests;
				PRODUCT_NAME = "$(TARGET_NAME)";
				SDKROOT = auto;
				SUPPORTED_PLATFORMS = "iphoneos iphonesimulator macosx";
				SWIFT_EMIT_LOC_STRINGS = NO;
				SWIFT_VERSION = 5.0;
				TARGETED_DEVICE_FAMILY = "1,2";
				TEST_HOST = "$(BUILT_PRODUCTS_DIR)/InterviewChecker.app/$(BUNDLE_EXECUTABLE_FOLDER_PATH)/InterviewChecker";
			};
			name = Debug;
		};
		867BE0E52C05EC21002931C2 /* Release */ = {
			isa = XCBuildConfiguration;
			buildSettings = {
				ALWAYS_EMBED_SWIFT_STANDARD_LIBRARIES = YES;
				BUNDLE_LOADER = "$(TEST_HOST)";
				CODE_SIGN_STYLE = Automatic;
				CURRENT_PROJECT_VERSION = 1;
				DEVELOPMENT_TEAM = 922R4697G4;
				GENERATE_INFOPLIST_FILE = YES;
				IPHONEOS_DEPLOYMENT_TARGET = 17.5;
				MACOSX_DEPLOYMENT_TARGET = 14.5;
				MARKETING_VERSION = 1.0;
				PRODUCT_BUNDLE_IDENTIFIER = uk.co.markgolubev.InterviewCheckerTests;
				PRODUCT_NAME = "$(TARGET_NAME)";
				SDKROOT = auto;
				SUPPORTED_PLATFORMS = "iphoneos iphonesimulator macosx";
				SWIFT_EMIT_LOC_STRINGS = NO;
				SWIFT_VERSION = 5.0;
				TARGETED_DEVICE_FAMILY = "1,2";
				TEST_HOST = "$(BUILT_PRODUCTS_DIR)/InterviewChecker.app/$(BUNDLE_EXECUTABLE_FOLDER_PATH)/InterviewChecker";
			};
			name = Release;
		};
		867BE0E72C05EC21002931C2 /* Debug */ = {
			isa = XCBuildConfiguration;
			buildSettings = {
				ALWAYS_EMBED_SWIFT_STANDARD_LIBRARIES = YES;
				CODE_SIGN_STYLE = Automatic;
				CURRENT_PROJECT_VERSION = 1;
				DEVELOPMENT_TEAM = 922R4697G4;
				GENERATE_INFOPLIST_FILE = YES;
				IPHONEOS_DEPLOYMENT_TARGET = 17.5;
				MACOSX_DEPLOYMENT_TARGET = 14.5;
				MARKETING_VERSION = 1.0;
				PRODUCT_BUNDLE_IDENTIFIER = uk.co.markgolubev.InterviewCheckerUITests;
				PRODUCT_NAME = "$(TARGET_NAME)";
				SDKROOT = auto;
				SUPPORTED_PLATFORMS = "iphoneos iphonesimulator macosx";
				SWIFT_EMIT_LOC_STRINGS = NO;
				SWIFT_VERSION = 5.0;
				TARGETED_DEVICE_FAMILY = "1,2";
				TEST_TARGET_NAME = InterviewChecker;
			};
			name = Debug;
		};
		867BE0E82C05EC21002931C2 /* Release */ = {
			isa = XCBuildConfiguration;
			buildSettings = {
				ALWAYS_EMBED_SWIFT_STANDARD_LIBRARIES = YES;
				CODE_SIGN_STYLE = Automatic;
				CURRENT_PROJECT_VERSION = 1;
				DEVELOPMENT_TEAM = 922R4697G4;
				GENERATE_INFOPLIST_FILE = YES;
				IPHONEOS_DEPLOYMENT_TARGET = 17.5;
				MACOSX_DEPLOYMENT_TARGET = 14.5;
				MARKETING_VERSION = 1.0;
				PRODUCT_BUNDLE_IDENTIFIER = uk.co.markgolubev.InterviewCheckerUITests;
				PRODUCT_NAME = "$(TARGET_NAME)";
				SDKROOT = auto;
				SUPPORTED_PLATFORMS = "iphoneos iphonesimulator macosx";
				SWIFT_EMIT_LOC_STRINGS = NO;
				SWIFT_VERSION = 5.0;
				TARGETED_DEVICE_FAMILY = "1,2";
				TEST_TARGET_NAME = InterviewChecker;
			};
			name = Release;
		};
/* End XCBuildConfiguration section */

/* Begin XCConfigurationList section */
		867BE0B42C05EC20002931C2 /* Build configuration list for PBXProject "InterviewChecker" */ = {
			isa = XCConfigurationList;
			buildConfigurations = (
				867BE0DE2C05EC21002931C2 /* Debug */,
				867BE0DF2C05EC21002931C2 /* Release */,
			);
			defaultConfigurationIsVisible = 0;
			defaultConfigurationName = Release;
		};
		867BE0E02C05EC21002931C2 /* Build configuration list for PBXNativeTarget "InterviewChecker" */ = {
			isa = XCConfigurationList;
			buildConfigurations = (
				867BE0E12C05EC21002931C2 /* Debug */,
				867BE0E22C05EC21002931C2 /* Release */,
			);
			defaultConfigurationIsVisible = 0;
			defaultConfigurationName = Release;
		};
		867BE0E32C05EC21002931C2 /* Build configuration list for PBXNativeTarget "InterviewCheckerTests" */ = {
			isa = XCConfigurationList;
			buildConfigurations = (
				867BE0E42C05EC21002931C2 /* Debug */,
				867BE0E52C05EC21002931C2 /* Release */,
			);
			defaultConfigurationIsVisible = 0;
			defaultConfigurationName = Release;
		};
		867BE0E62C05EC21002931C2 /* Build configuration list for PBXNativeTarget "InterviewCheckerUITests" */ = {
			isa = XCConfigurationList;
			buildConfigurations = (
				867BE0E72C05EC21002931C2 /* Debug */,
				867BE0E82C05EC21002931C2 /* Release */,
			);
			defaultConfigurationIsVisible = 0;
			defaultConfigurationName = Release;
		};
/* End XCConfigurationList section */
	};
	rootObject = 867BE0B12C05EC20002931C2 /* Project object */;
}
